
Microsoft Visual Studio Solution File, Format Version 12.00
# Visual Studio 15
VisualStudioVersion = 15.0.28010.2048
MinimumVisualStudioVersion = 10.0.40219.1
Project("{9A19103F-16F7-4668-BE54-9A1E7A4F7556}") = "Sconfig", "Sconfig\Sconfig.csproj", "{AF8B7F4D-6B04-413A-80F3-61274574EE7E}"
EndProject
Project("{9A19103F-16F7-4668-BE54-9A1E7A4F7556}") = "Sconfig.Configuration.Sql", "Sconfig.Configuration.Sql\Sconfig.Configuration.Sql.csproj", "{433EED3F-5E9B-4FF4-A8CF-1830B1E841E9}"
EndProject
Project("{2150E333-8FDC-42A3-9474-1A3956D46DE8}") = "Configurations", "Configurations", "{1CC917C7-A12B-424C-9243-AA60F9F3A70C}"
EndProject
Project("{2150E333-8FDC-42A3-9474-1A3956D46DE8}") = "Applications", "Applications", "{A5F85F6E-5E86-41B7-938D-7F8496809573}"
EndProject
Project("{FAE04EC0-301F-11D3-BF4B-00C04F79EFBC}") = "Sconfig.Applications.Api", "Sconfig.Applications.Api\Sconfig.Applications.Api.csproj", "{3367E982-88A7-4A6E-B2A4-5DA3EDBC5E9F}"
EndProject
Global
	GlobalSection(SolutionConfigurationPlatforms) = preSolution
		Debug|Any CPU = Debug|Any CPU
		Release|Any CPU = Release|Any CPU
	EndGlobalSection
	GlobalSection(ProjectConfigurationPlatforms) = postSolution
		{AF8B7F4D-6B04-413A-80F3-61274574EE7E}.Debug|Any CPU.ActiveCfg = Debug|Any CPU
		{AF8B7F4D-6B04-413A-80F3-61274574EE7E}.Debug|Any CPU.Build.0 = Debug|Any CPU
		{AF8B7F4D-6B04-413A-80F3-61274574EE7E}.Release|Any CPU.ActiveCfg = Release|Any CPU
		{AF8B7F4D-6B04-413A-80F3-61274574EE7E}.Release|Any CPU.Build.0 = Release|Any CPU
		{433EED3F-5E9B-4FF4-A8CF-1830B1E841E9}.Debug|Any CPU.ActiveCfg = Debug|Any CPU
		{433EED3F-5E9B-4FF4-A8CF-1830B1E841E9}.Debug|Any CPU.Build.0 = Debug|Any CPU
		{433EED3F-5E9B-4FF4-A8CF-1830B1E841E9}.Release|Any CPU.ActiveCfg = Release|Any CPU
		{433EED3F-5E9B-4FF4-A8CF-1830B1E841E9}.Release|Any CPU.Build.0 = Release|Any CPU
		{3367E982-88A7-4A6E-B2A4-5DA3EDBC5E9F}.Debug|Any CPU.ActiveCfg = Debug|Any CPU
		{3367E982-88A7-4A6E-B2A4-5DA3EDBC5E9F}.Debug|Any CPU.Build.0 = Debug|Any CPU
		{3367E982-88A7-4A6E-B2A4-5DA3EDBC5E9F}.Release|Any CPU.ActiveCfg = Release|Any CPU
		{3367E982-88A7-4A6E-B2A4-5DA3EDBC5E9F}.Release|Any CPU.Build.0 = Release|Any CPU
	EndGlobalSection
	GlobalSection(SolutionProperties) = preSolution
		HideSolutionNode = FALSE
	EndGlobalSection
	GlobalSection(NestedProjects) = preSolution
		{433EED3F-5E9B-4FF4-A8CF-1830B1E841E9} = {1CC917C7-A12B-424C-9243-AA60F9F3A70C}
		{3367E982-88A7-4A6E-B2A4-5DA3EDBC5E9F} = {A5F85F6E-5E86-41B7-938D-7F8496809573}
	EndGlobalSection
	GlobalSection(ExtensibilityGlobals) = postSolution
		SolutionGuid = {7DACC0E8-A4CA-4A83-AE2C-9BF2D507371F}
	EndGlobalSection
EndGlobal
